
Microsoft Visual Studio Solution File, Format Version 12.00
# Visual Studio Version 17
VisualStudioVersion = 17.5.33516.290
MinimumVisualStudioVersion = 10.0.40219.1
Project("{FAE04EC0-301F-11D3-BF4B-00C04F79EFBC}") = "LR3_Example2", "LR3_Example2\LR3_Example2.csproj", "{4EEBBB93-6E3F-4F61-8CD5-ECA6EA987520}"
EndProject
Global
	GlobalSection(SolutionConfigurationPlatforms) = preSolution
		Debug|Any CPU = Debug|Any CPU
		Release|Any CPU = Release|Any CPU
	EndGlobalSection
	GlobalSection(ProjectConfigurationPlatforms) = postSolution
		{4EEBBB93-6E3F-4F61-8CD5-ECA6EA987520}.Debug|Any CPU.ActiveCfg = Debug|Any CPU
		{4EEBBB93-6E3F-4F61-8CD5-ECA6EA987520}.Debug|Any CPU.Build.0 = Debug|Any CPU
		{4EEBBB93-6E3F-4F61-8CD5-ECA6EA987520}.Release|Any CPU.ActiveCfg = Release|Any CPU
		{4EEBBB93-6E3F-4F61-8CD5-ECA6EA987520}.Release|Any CPU.Build.0 = Release|Any CPU
	EndGlobalSection
	GlobalSection(SolutionProperties) = preSolution
		HideSolutionNode = FALSE
	EndGlobalSection
	GlobalSection(ExtensibilityGlobals) = postSolution
		SolutionGuid = {CDF72106-16F5-4248-BC07-7BF1CB69D598}
	EndGlobalSection
EndGlobal
